{
    "version": 3,
    "terraform_version": "0.11.12",
    "serial": 5,
    "lineage": "d1f47f6f-d12d-7b9a-eb51-b539ea585591",
    "modules": [
        {
            "path": [
                "root"
            ],
            "outputs": {},
            "resources": {},
            "depends_on": []
        },
        {
            "path": [
                "root",
                "project"
            ],
            "outputs": {},
            "resources": {
                "google_project.project": {
                    "type": "google_project",
                    "depends_on": [
                        "random_id.id"
                    ],
                    "primary": {
                        "id": "joes-test-139466a0",
                        "attributes": {
                            "auto_create_network": "true",
                            "billing_account": "",
                            "id": "joes-test-139466a0",
                            "name": "joes-test",
                            "project_id": "joes-test-139466a0"
                        },
                        "meta": {
                            "schema_version": "1"
                        },
                        "tainted": false
                    },
                    "deposed": [],
                    "provider": "provider.google"
                },
                "random_id.id": {
                    "type": "random_id",
                    "depends_on": [],
                    "primary": {
                        "id": "E5RmoA",
                        "attributes": {
                            "b64": "joes-test-E5RmoA",
                            "b64_std": "joes-test-E5RmoA==",
                            "b64_url": "joes-test-E5RmoA",
                            "byte_length": "4",
                            "dec": "joes-test-328492704",
                            "hex": "joes-test-139466a0",
                            "id": "E5RmoA",
                            "prefix": "joes-test-"
                        },
                        "meta": {},
                        "tainted": false
                    },
                    "deposed": [],
                    "provider": "provider.random"
                }
            },
            "depends_on": []
        }
    ]
}
